github.com/cloudflare/golz4 v0.0.0-20150217214814-ef862a3cdc58 h1:F1EaeKL/ta07PY/k9Os/UFtwERei2/XzGemhpGnBKNg=
github.com/cloudflare/golz4 v0.0.0-20150217214814-ef862a3cdc58/go.mod h1:EOBUe0h4xcZ5GoxqC5SDxFQ8gwyZPKQoEzownBlhI80=
github.com/davecgh/go-spew v1.1.0 h1:ZDRjVQ15GmhC3fiQ8ni8+OwkZQO4DARzQgrnXU1Liz8=
github.com/davecgh/go-spew v1.1.0/go.mod h1:J7Y8YcW2NihsgmVo/mv3lAwl/skON4iLHjSsI+c5H38=
github.com/elojah/mux v0.0.0-20180703095927-5b6d44854550 h1:LnNrT5bwlcjVDgKgrcqaTZuBvjLI+PtJwk+EPEbdNNA=
github.com/elojah/mux v0.0.0-20180703095927-5b6d44854550/go.mod h1:LLwl9qOk2vgwuAXa97y3GWhxzA4q5FxEf7PTJNYyFrA=
github.com/elojah/mux v0.0.0-20180906125806-a41de115082b h1:WDebFTMa+tdoLpGSCaJQaE26oIYLkbQQuwrzsW69Uyc=
github.com/elojah/mux v0.0.0-20180906125806-a41de115082b/go.mod h1:UxXDWQvgWzPCVeklynUMG7X8l22tdgvSmoTtSH0SHdg=
github.com/elojah/mux v0.0.0-20180906140147-821d04ba4f5e h1:dAxBCjYL5uHSKKch2Uey6Sy9rJQwNIcrJxWlGtFyS3o=
github.com/elojah/mux v0.0.0-20180906140147-821d04ba4f5e/go.mod h1:UxXDWQvgWzPCVeklynUMG7X8l22tdgvSmoTtSH0SHdg=
github.com/elojah/redis v0.0.0-20180616130919-9ee006744ab5 h1:L0HA7oOluG41fqRpglJnU4x1e1a2f3IMYShM9KjmCB4=
github.com/elojah/redis v0.0.0-20180616130919-9ee006744ab5/go.mod h1:+W3rGIyBmouPLl31HRAryfqVZ08DBZZn0mtxwPzFJUs=
github.com/elojah/redis v0.0.0-20180906131853-60b4742de98b h1:JSQs50AjJhGup+mGVEhRAI5hZ7NrTKlmQrC85l4cAy0=
github.com/elojah/redis v0.0.0-20180906131853-60b4742de98b/go.mod h1:r8CAXL1JBlj8VFBYPFPeMCJi73/XZ0PTCmC908e5uU4=
github.com/elojah/services v0.0.0-20180629094217-29c33644ab1f h1:VZeixo4Z6OOBEgJ0KjiuJTNUPpfWpsk3qgHYeIfTgn8=
github.com/elojah/services v0.0.0-20180629094217-29c33644ab1f/go.mod h1:8fqqW2L34+kQ7mR6Xzczw170jITRbPTrIw2itp9xFFM=
github.com/elojah/services v0.0.0-20180906131424-7b238f138836 h1:UmyI8p2MXGksNnGYHvD+H6ljnXl0OegIwfwbE7Ns9Nw=
github.com/elojah/services v0.0.0-20180906131424-7b238f138836/go.mod h1:8fqqW2L34+kQ7mR6Xzczw170jITRbPTrIw2itp9xFFM=
github.com/go-redis/redis v6.12.0+incompatible h1:s+64XI+z/RXqGHz2fQSgRJOEwqqSXeX3dliF7iVkMbE=
github.com/go-redis/redis v6.12.0+incompatible/go.mod h1:NAIEuMOZ/fxfXJIrKDQDz8wamY7mA7PouImQ2Jvg6kA=
github.com/go-redis/redis v6.14.1+incompatible h1:kSJohAREGMr344uMa8PzuIg5OU6ylCbyDkWkkNOfEik=
github.com/go-redis/redis v6.14.1+incompatible/go.mod h1:NAIEuMOZ/fxfXJIrKDQDz8wamY7mA7PouImQ2Jvg6kA=
github.com/gogo/protobuf v1.1.1 h1:72R+M5VuhED/KujmZVcIquuo8mBgX4oVda//DQb3PXo=
github.com/gogo/protobuf v1.1.1/go.mod h1:r8qH/GZQm5c6nD/R0oafs1akxWv10x8SbQlK7atdtwQ=
github.com/golang/protobuf v1.1.0 h1:0iH4Ffd/meGoXqF2lSAhZHt8X+cPgkfn/cb6Cce5Vpc=
github.com/golang/protobuf v1.1.0/go.mod h1:6lQm79b+lXiMfvg/cZm0SGofjICqVBUtrP5yJMmIC1U=
github.com/hashicorp/errwrap v0.0.0-20180715044906-d6c0cd880357 h1:Rem2+U35z1QtPQc6r+WolF7yXiefXqDKyk+lN2pE164=
github.com/hashicorp/errwrap v0.0.0-20180715044906-d6c0cd880357/go.mod h1:YH+1FKiLXxHSkmPseP+kNlulaMuP3n2brvKWEqk/Jc4=
github.com/hashicorp/go-multierror v0.0.0-20180717150148-3d5d8f294aa0 h1:j30noezaCfvNLcdMYSvHLv81DxYRSt1grlpseG67vhU=
github.com/hashicorp/go-multierror v0.0.0-20180717150148-3d5d8f294aa0/go.mod h1:JMRHfdO9jKNzS/+BTlxCjKNQHg/jZAft8U7LloJvN7I=
github.com/oklog/ulid v0.3.0 h1:yEMMWFnYiPX/ytx1StIE0E1a35sm8MmWD/uSL9ZtKhg=
github.com/oklog/ulid v0.3.0/go.mod h1:CirwcVhetQ6Lv90oh/F+FBtV6XMibvdAFo93nm5qn4U=
github.com/oklog/ulid v1.0.0 h1:VAaWVMLumjiF1bND+wPeEKJeryp8zwN9C4ehZ0mZtBE=
github.com/oklog/ulid v1.0.0/go.mod h1:CirwcVhetQ6Lv90oh/F+FBtV6XMibvdAFo93nm5qn4U=
github.com/pkg/errors v0.8.0 h1:WdK/asTD0HN+q6hsWO3/vpuAkAr+tw6aNJNDFFf0+qw=
github.com/pkg/errors v0.8.0/go.mod h1:bwawxfHBFNV+L2hUp1rHADufV3IMtnDRdf1r5NINEl0=
github.com/pmezard/go-difflib v1.0.0 h1:4DBwDE0NGyQoBHbLQYPwSUPoCMWR5BEzIk/f1lZbAQM=
github.com/pmezard/go-difflib v1.0.0/go.mod h1:iKH77koFhYxTK1pcRnkKkqfTogsbg7gZNVY4sRDYZ/4=
github.com/rs/zerolog v1.8.0 h1:Oglcb4i6h42uWacEjomB2MI8gfkwCwTMFaDY3+Vgj5k=
github.com/rs/zerolog v1.8.0/go.mod h1:YbFCdg8HfsridGWAh22vktObvhZbQsZXe4/zB0OKkWU=
github.com/stretchr/testify v1.2.2 h1:bSDNvY7ZPG5RlJ8otE/7V6gMiyenm9RtJ7IUVIAoJ1w=
github.com/stretchr/testify v1.2.2/go.mod h1:a8OnRcib4nhh0OaRAV+Yts87kKdq0PP7pXfy6kDkUVs=
